
Microsoft Visual Studio Solution File, Format Version 12.00
Project("{2150E333-8FDC-42A3-9474-1A3956D46DE8}") = "src", "src", "{CD72A70E-09AB-4FBA-B780-71A87B27834D}"
EndProject
Project("{2150E333-8FDC-42A3-9474-1A3956D46DE8}") = "Services", "Services", "{ED55C508-7A26-4A60-8BF2-70F9329D83E7}"
EndProject
Project("{2150E333-8FDC-42A3-9474-1A3956D46DE8}") = "Shared", "Shared", "{E7185BFD-420E-4B84-BDD3-239757DDDFB8}"
EndProject
Project("{2150E333-8FDC-42A3-9474-1A3956D46DE8}") = "Auction.Service", "Auction.Service", "{A411CADC-CE56-4D76-9D16-2FC086202B13}"
EndProject
Project("{FAE04EC0-301F-11D3-BF4B-00C04F79EFBC}") = "Auction.Api", "src\Services\Auction.Service\Auction.Api\Auction.Api.csproj", "{042A4E89-DDA3-4131-998F-F6865C2303F0}"
EndProject
Project("{FAE04EC0-301F-11D3-BF4B-00C04F79EFBC}") = "Auction.Application", "src\Services\Auction.Service\Auction.Application\Auction.Application.csproj", "{28C37245-7C75-4B7F-B036-A043DF2319B0}"
EndProject
Project("{FAE04EC0-301F-11D3-BF4B-00C04F79EFBC}") = "Auction.Domain", "src\Services\Auction.Service\Auction.Domain\Auction.Domain.csproj", "{07F477A0-51FF-46CF-B23C-E99F7F8AA73A}"
EndProject
Project("{FAE04EC0-301F-11D3-BF4B-00C04F79EFBC}") = "Auction.infrastructure", "src\Services\Auction.Service\Auction.infrastructure\Auction.infrastructure.csproj", "{AFBB1B7A-CC72-4CF6-92BA-B2FBFA829C2B}"
EndProject
Project("{2150E333-8FDC-42A3-9474-1A3956D46DE8}") = "Bidding.Service", "Bidding.Service", "{BC6BEC77-6614-4729-BB1F-34CC18854AF9}"
EndProject
Project("{FAE04EC0-301F-11D3-BF4B-00C04F79EFBC}") = "Bidding.Api", "src\Services\Bidding.Service\Bidding.Api\Bidding.Api.csproj", "{3A2CD808-75E5-40FC-B211-4614A863C064}"
EndProject
Project("{FAE04EC0-301F-11D3-BF4B-00C04F79EFBC}") = "Bidding.Application", "src\Services\Bidding.Service\Bidding.Application\Bidding.Application.csproj", "{FBBEBD86-E114-49EA-B83E-D96C12513492}"
EndProject
Project("{FAE04EC0-301F-11D3-BF4B-00C04F79EFBC}") = "Bidding.Domain", "src\Services\Bidding.Service\Bidding.Domain\Bidding.Domain.csproj", "{8184884F-C614-48DE-AA81-7036B09C4846}"
EndProject
Project("{FAE04EC0-301F-11D3-BF4B-00C04F79EFBC}") = "Bidding.Infrastructure", "src\Services\Bidding.Service\Bidding.Infrastructure\Bidding.Infrastructure.csproj", "{38F0EB43-CB33-4FFD-83E6-679A42567236}"
EndProject
Project("{FAE04EC0-301F-11D3-BF4B-00C04F79EFBC}") = "Shared", "src\Shared\Shared\Shared.csproj", "{508122BC-950D-4663-B814-B0B412319499}"
EndProject
Project("{2150E333-8FDC-42A3-9474-1A3956D46DE8}") = "Solution Items", "Solution Items", "{6824A425-0045-4584-9BA4-B2C70306DBA5}"
	ProjectSection(SolutionItems) = preProject
		compose.yaml = compose.yaml
	EndProjectSection
EndProject
Project("{2150E333-8FDC-42A3-9474-1A3956D46DE8}") = "Search.Service", "Search.Service", "{81AFBD4E-4F39-4648-A4E4-CEFE8347A390}"
EndProject
Project("{FAE04EC0-301F-11D3-BF4B-00C04F79EFBC}") = "Search.Api", "src\Services\Search.Service\Search.Api\Search.Api.csproj", "{48AB9FE3-C227-4C9C-9FE4-6099CE37281B}"
EndProject
Project("{2150E333-8FDC-42A3-9474-1A3956D46DE8}") = "Identity.Service", "Identity.Service", "{0512195B-D790-4118-8930-161043650BC8}"
EndProject
Project("{FAE04EC0-301F-11D3-BF4B-00C04F79EFBC}") = "Identity.Server", "src\Services\Identity.Service\Identity.Server\Identity.Server.csproj", "{5487D48E-4CE4-4885-B4BD-3B213FC24954}"
EndProject
Project("{2150E333-8FDC-42A3-9474-1A3956D46DE8}") = "Gateway.Service", "Gateway.Service", "{BDC018A9-2552-4DC6-86CC-375145FA0EA8}"
EndProject
Project("{FAE04EC0-301F-11D3-BF4B-00C04F79EFBC}") = "Gateway.Server", "src\Services\Gateway.Service\Gateway.Server\Gateway.Server.csproj", "{4486495D-637A-4049-BADC-DB04187215E5}"
EndProject
Project("{2150E333-8FDC-42A3-9474-1A3956D46DE8}") = "frontend", "frontend", "{EE6C2221-F4F0-4032-90E0-B701BD08D9CB}"
EndProject
Global
	GlobalSection(SolutionConfigurationPlatforms) = preSolution
		Debug|Any CPU = Debug|Any CPU
		Release|Any CPU = Release|Any CPU
	EndGlobalSection
	GlobalSection(NestedProjects) = preSolution
		{ED55C508-7A26-4A60-8BF2-70F9329D83E7} = {CD72A70E-09AB-4FBA-B780-71A87B27834D}
		{E7185BFD-420E-4B84-BDD3-239757DDDFB8} = {CD72A70E-09AB-4FBA-B780-71A87B27834D}
		{A411CADC-CE56-4D76-9D16-2FC086202B13} = {ED55C508-7A26-4A60-8BF2-70F9329D83E7}
		{042A4E89-DDA3-4131-998F-F6865C2303F0} = {A411CADC-CE56-4D76-9D16-2FC086202B13}
		{28C37245-7C75-4B7F-B036-A043DF2319B0} = {A411CADC-CE56-4D76-9D16-2FC086202B13}
		{07F477A0-51FF-46CF-B23C-E99F7F8AA73A} = {A411CADC-CE56-4D76-9D16-2FC086202B13}
		{AFBB1B7A-CC72-4CF6-92BA-B2FBFA829C2B} = {A411CADC-CE56-4D76-9D16-2FC086202B13}
		{BC6BEC77-6614-4729-BB1F-34CC18854AF9} = {ED55C508-7A26-4A60-8BF2-70F9329D83E7}
		{3A2CD808-75E5-40FC-B211-4614A863C064} = {BC6BEC77-6614-4729-BB1F-34CC18854AF9}
		{FBBEBD86-E114-49EA-B83E-D96C12513492} = {BC6BEC77-6614-4729-BB1F-34CC18854AF9}
		{8184884F-C614-48DE-AA81-7036B09C4846} = {BC6BEC77-6614-4729-BB1F-34CC18854AF9}
		{38F0EB43-CB33-4FFD-83E6-679A42567236} = {BC6BEC77-6614-4729-BB1F-34CC18854AF9}
		{508122BC-950D-4663-B814-B0B412319499} = {E7185BFD-420E-4B84-BDD3-239757DDDFB8}
		{81AFBD4E-4F39-4648-A4E4-CEFE8347A390} = {ED55C508-7A26-4A60-8BF2-70F9329D83E7}
		{48AB9FE3-C227-4C9C-9FE4-6099CE37281B} = {81AFBD4E-4F39-4648-A4E4-CEFE8347A390}
		{0512195B-D790-4118-8930-161043650BC8} = {ED55C508-7A26-4A60-8BF2-70F9329D83E7}
		{5487D48E-4CE4-4885-B4BD-3B213FC24954} = {0512195B-D790-4118-8930-161043650BC8}
		{BDC018A9-2552-4DC6-86CC-375145FA0EA8} = {ED55C508-7A26-4A60-8BF2-70F9329D83E7}
		{4486495D-637A-4049-BADC-DB04187215E5} = {BDC018A9-2552-4DC6-86CC-375145FA0EA8}
	EndGlobalSection
	GlobalSection(ProjectConfigurationPlatforms) = postSolution
		{042A4E89-DDA3-4131-998F-F6865C2303F0}.Debug|Any CPU.ActiveCfg = Debug|Any CPU
		{042A4E89-DDA3-4131-998F-F6865C2303F0}.Debug|Any CPU.Build.0 = Debug|Any CPU
		{042A4E89-DDA3-4131-998F-F6865C2303F0}.Release|Any CPU.ActiveCfg = Release|Any CPU
		{042A4E89-DDA3-4131-998F-F6865C2303F0}.Release|Any CPU.Build.0 = Release|Any CPU
		{28C37245-7C75-4B7F-B036-A043DF2319B0}.Debug|Any CPU.ActiveCfg = Debug|Any CPU
		{28C37245-7C75-4B7F-B036-A043DF2319B0}.Debug|Any CPU.Build.0 = Debug|Any CPU
		{28C37245-7C75-4B7F-B036-A043DF2319B0}.Release|Any CPU.ActiveCfg = Release|Any CPU
		{28C37245-7C75-4B7F-B036-A043DF2319B0}.Release|Any CPU.Build.0 = Release|Any CPU
		{07F477A0-51FF-46CF-B23C-E99F7F8AA73A}.Debug|Any CPU.ActiveCfg = Debug|Any CPU
		{07F477A0-51FF-46CF-B23C-E99F7F8AA73A}.Debug|Any CPU.Build.0 = Debug|Any CPU
		{07F477A0-51FF-46CF-B23C-E99F7F8AA73A}.Release|Any CPU.ActiveCfg = Release|Any CPU
		{07F477A0-51FF-46CF-B23C-E99F7F8AA73A}.Release|Any CPU.Build.0 = Release|Any CPU
		{AFBB1B7A-CC72-4CF6-92BA-B2FBFA829C2B}.Debug|Any CPU.ActiveCfg = Debug|Any CPU
		{AFBB1B7A-CC72-4CF6-92BA-B2FBFA829C2B}.Debug|Any CPU.Build.0 = Debug|Any CPU
		{AFBB1B7A-CC72-4CF6-92BA-B2FBFA829C2B}.Release|Any CPU.ActiveCfg = Release|Any CPU
		{AFBB1B7A-CC72-4CF6-92BA-B2FBFA829C2B}.Release|Any CPU.Build.0 = Release|Any CPU
		{3A2CD808-75E5-40FC-B211-4614A863C064}.Debug|Any CPU.ActiveCfg = Debug|Any CPU
		{3A2CD808-75E5-40FC-B211-4614A863C064}.Debug|Any CPU.Build.0 = Debug|Any CPU
		{3A2CD808-75E5-40FC-B211-4614A863C064}.Release|Any CPU.ActiveCfg = Release|Any CPU
		{3A2CD808-75E5-40FC-B211-4614A863C064}.Release|Any CPU.Build.0 = Release|Any CPU
		{FBBEBD86-E114-49EA-B83E-D96C12513492}.Debug|Any CPU.ActiveCfg = Debug|Any CPU
		{FBBEBD86-E114-49EA-B83E-D96C12513492}.Debug|Any CPU.Build.0 = Debug|Any CPU
		{FBBEBD86-E114-49EA-B83E-D96C12513492}.Release|Any CPU.ActiveCfg = Release|Any CPU
		{FBBEBD86-E114-49EA-B83E-D96C12513492}.Release|Any CPU.Build.0 = Release|Any CPU
		{8184884F-C614-48DE-AA81-7036B09C4846}.Debug|Any CPU.ActiveCfg = Debug|Any CPU
		{8184884F-C614-48DE-AA81-7036B09C4846}.Debug|Any CPU.Build.0 = Debug|Any CPU
		{8184884F-C614-48DE-AA81-7036B09C4846}.Release|Any CPU.ActiveCfg = Release|Any CPU
		{8184884F-C614-48DE-AA81-7036B09C4846}.Release|Any CPU.Build.0 = Release|Any CPU
		{38F0EB43-CB33-4FFD-83E6-679A42567236}.Debug|Any CPU.ActiveCfg = Debug|Any CPU
		{38F0EB43-CB33-4FFD-83E6-679A42567236}.Debug|Any CPU.Build.0 = Debug|Any CPU
		{38F0EB43-CB33-4FFD-83E6-679A42567236}.Release|Any CPU.ActiveCfg = Release|Any CPU
		{38F0EB43-CB33-4FFD-83E6-679A42567236}.Release|Any CPU.Build.0 = Release|Any CPU
		{508122BC-950D-4663-B814-B0B412319499}.Debug|Any CPU.ActiveCfg = Debug|Any CPU
		{508122BC-950D-4663-B814-B0B412319499}.Debug|Any CPU.Build.0 = Debug|Any CPU
		{508122BC-950D-4663-B814-B0B412319499}.Release|Any CPU.ActiveCfg = Release|Any CPU
		{508122BC-950D-4663-B814-B0B412319499}.Release|Any CPU.Build.0 = Release|Any CPU
		{48AB9FE3-C227-4C9C-9FE4-6099CE37281B}.Debug|Any CPU.ActiveCfg = Debug|Any CPU
		{48AB9FE3-C227-4C9C-9FE4-6099CE37281B}.Debug|Any CPU.Build.0 = Debug|Any CPU
		{48AB9FE3-C227-4C9C-9FE4-6099CE37281B}.Release|Any CPU.ActiveCfg = Release|Any CPU
		{48AB9FE3-C227-4C9C-9FE4-6099CE37281B}.Release|Any CPU.Build.0 = Release|Any CPU
		{5487D48E-4CE4-4885-B4BD-3B213FC24954}.Debug|Any CPU.ActiveCfg = Debug|Any CPU
		{5487D48E-4CE4-4885-B4BD-3B213FC24954}.Debug|Any CPU.Build.0 = Debug|Any CPU
		{5487D48E-4CE4-4885-B4BD-3B213FC24954}.Release|Any CPU.ActiveCfg = Release|Any CPU
		{5487D48E-4CE4-4885-B4BD-3B213FC24954}.Release|Any CPU.Build.0 = Release|Any CPU
		{4486495D-637A-4049-BADC-DB04187215E5}.Debug|Any CPU.ActiveCfg = Debug|Any CPU
		{4486495D-637A-4049-BADC-DB04187215E5}.Debug|Any CPU.Build.0 = Debug|Any CPU
		{4486495D-637A-4049-BADC-DB04187215E5}.Release|Any CPU.ActiveCfg = Release|Any CPU
		{4486495D-637A-4049-BADC-DB04187215E5}.Release|Any CPU.Build.0 = Release|Any CPU
	EndGlobalSection
EndGlobal
