Microsoft Visual Studio Solution File, Format Version 12.00
# Visual Studio Version 17
VisualStudioVersion = 17.5.2.0
MinimumVisualStudioVersion = 10.0.40219.1
Project("{2150E333-8FDC-42A3-9474-1A3956D46DE8}") = "Shared", "Shared", "{4F52FD11-658E-A102-6CD3-7D7C16FFA15B}"
EndProject
Project("{2150E333-8FDC-42A3-9474-1A3956D46DE8}") = "Services", "Services", "{5854FF58-B8C5-05C6-5BF2-ACE42193F22B}"
EndProject
Project("{FAE04EC0-301F-11D3-BF4B-00C04F79EFBC}") = "Shared", "Shared\Shared\Shared.csproj", "{40EE0938-F52D-8934-C82A-22EC1C2343DF}"
EndProject
Project("{2150E333-8FDC-42A3-9474-1A3956D46DE8}") = "Auction.Service", "Auction.Service", "{1F46CE97-BEFF-A793-F16F-421B2F9F96F0}"
EndProject
Project("{FAE04EC0-301F-11D3-BF4B-00C04F79EFBC}") = "Auction.Api", "Services\Auction.Service\Auction.Api\Auction.Api.csproj", "{7E3F398A-9B33-06EC-E509-10879EEABCEE}"
EndProject
Project("{FAE04EC0-301F-11D3-BF4B-00C04F79EFBC}") = "Auction.Application", "Services\Auction.Service\Auction.Application\Auction.Application.csproj", "{A9AAE480-8609-EBB1-1490-FA8DFA9B3D31}"
EndProject
Project("{FAE04EC0-301F-11D3-BF4B-00C04F79EFBC}") = "Auction.Domain", "Services\Auction.Service\Auction.Domain\Auction.Domain.csproj", "{405D20A6-322F-4D07-B760-2AFC28DFFB2F}"
EndProject
Project("{FAE04EC0-301F-11D3-BF4B-00C04F79EFBC}") = "Auction.infrastructure", "Services\Auction.Service\Auction.infrastructure\Auction.infrastructure.csproj", "{AD21DB67-3688-5038-AB6F-77EF46E369AA}"
EndProject
Project("{2150E333-8FDC-42A3-9474-1A3956D46DE8}") = "Bidding.Service", "Bidding.Service", "{0487E2FC-0025-F5D4-B330-CF0DE0180D39}"
EndProject
Project("{FAE04EC0-301F-11D3-BF4B-00C04F79EFBC}") = "Bidding.Api", "Services\Bidding.Service\Bidding.Api\Bidding.Api.csproj", "{8ADD17CD-F7B2-611E-A4CE-8C77213BD5FA}"
EndProject
Project("{2150E333-8FDC-42A3-9474-1A3956D46DE8}") = "Gateway.Service", "Gateway.Service", "{618A605C-E4B0-EB87-C048-A859321F9CDB}"
EndProject
Project("{FAE04EC0-301F-11D3-BF4B-00C04F79EFBC}") = "Gateway.Server", "Services\Gateway.Service\Gateway.Server\Gateway.Server.csproj", "{0112DBBA-3B7A-021E-8DC5-6291626A2B63}"
EndProject
Project("{2150E333-8FDC-42A3-9474-1A3956D46DE8}") = "Identity.Service", "Identity.Service", "{458B38D1-2885-86EE-3A33-467AEFDA9587}"
EndProject
Project("{FAE04EC0-301F-11D3-BF4B-00C04F79EFBC}") = "Identity", "Services\Identity.Service\Identity\Identity.csproj", "{CAD511AB-6A84-D9C1-1526-A8B7D1F4F0D0}"
EndProject
Project("{2150E333-8FDC-42A3-9474-1A3956D46DE8}") = "Notification.Service", "Notification.Service", "{55C4F4F0-7589-B7BF-3BC9-ED0A2D342FD7}"
EndProject
Project("{FAE04EC0-301F-11D3-BF4B-00C04F79EFBC}") = "Notification.Service", "Services\Notification.Service\Notification.Service\Notification.Service.csproj", "{818E7197-3B16-96EE-A964-0DEB3BBC7893}"
EndProject
Project("{2150E333-8FDC-42A3-9474-1A3956D46DE8}") = "Search.Service", "Search.Service", "{9C86F12D-2898-98B5-DDC7-5B59BA5A9827}"
EndProject
Project("{FAE04EC0-301F-11D3-BF4B-00C04F79EFBC}") = "Search.Api", "Services\Search.Service\Search.Api\Search.Api.csproj", "{8BD184D4-5EBC-E452-0718-8099C3088D1A}"
EndProject
Global
	GlobalSection(SolutionConfigurationPlatforms) = preSolution
		Debug|Any CPU = Debug|Any CPU
		Release|Any CPU = Release|Any CPU
	EndGlobalSection
	GlobalSection(ProjectConfigurationPlatforms) = postSolution
		{40EE0938-F52D-8934-C82A-22EC1C2343DF}.Debug|Any CPU.ActiveCfg = Debug|Any CPU
		{40EE0938-F52D-8934-C82A-22EC1C2343DF}.Debug|Any CPU.Build.0 = Debug|Any CPU
		{40EE0938-F52D-8934-C82A-22EC1C2343DF}.Release|Any CPU.ActiveCfg = Release|Any CPU
		{40EE0938-F52D-8934-C82A-22EC1C2343DF}.Release|Any CPU.Build.0 = Release|Any CPU
		{7E3F398A-9B33-06EC-E509-10879EEABCEE}.Debug|Any CPU.ActiveCfg = Debug|Any CPU
		{7E3F398A-9B33-06EC-E509-10879EEABCEE}.Debug|Any CPU.Build.0 = Debug|Any CPU
		{7E3F398A-9B33-06EC-E509-10879EEABCEE}.Release|Any CPU.ActiveCfg = Release|Any CPU
		{7E3F398A-9B33-06EC-E509-10879EEABCEE}.Release|Any CPU.Build.0 = Release|Any CPU
		{A9AAE480-8609-EBB1-1490-FA8DFA9B3D31}.Debug|Any CPU.ActiveCfg = Debug|Any CPU
		{A9AAE480-8609-EBB1-1490-FA8DFA9B3D31}.Debug|Any CPU.Build.0 = Debug|Any CPU
		{A9AAE480-8609-EBB1-1490-FA8DFA9B3D31}.Release|Any CPU.ActiveCfg = Release|Any CPU
		{A9AAE480-8609-EBB1-1490-FA8DFA9B3D31}.Release|Any CPU.Build.0 = Release|Any CPU
		{405D20A6-322F-4D07-B760-2AFC28DFFB2F}.Debug|Any CPU.ActiveCfg = Debug|Any CPU
		{405D20A6-322F-4D07-B760-2AFC28DFFB2F}.Debug|Any CPU.Build.0 = Debug|Any CPU
		{405D20A6-322F-4D07-B760-2AFC28DFFB2F}.Release|Any CPU.ActiveCfg = Release|Any CPU
		{405D20A6-322F-4D07-B760-2AFC28DFFB2F}.Release|Any CPU.Build.0 = Release|Any CPU
		{AD21DB67-3688-5038-AB6F-77EF46E369AA}.Debug|Any CPU.ActiveCfg = Debug|Any CPU
		{AD21DB67-3688-5038-AB6F-77EF46E369AA}.Debug|Any CPU.Build.0 = Debug|Any CPU
		{AD21DB67-3688-5038-AB6F-77EF46E369AA}.Release|Any CPU.ActiveCfg = Release|Any CPU
		{AD21DB67-3688-5038-AB6F-77EF46E369AA}.Release|Any CPU.Build.0 = Release|Any CPU
		{8ADD17CD-F7B2-611E-A4CE-8C77213BD5FA}.Debug|Any CPU.ActiveCfg = Debug|Any CPU
		{8ADD17CD-F7B2-611E-A4CE-8C77213BD5FA}.Debug|Any CPU.Build.0 = Debug|Any CPU
		{8ADD17CD-F7B2-611E-A4CE-8C77213BD5FA}.Release|Any CPU.ActiveCfg = Release|Any CPU
		{8ADD17CD-F7B2-611E-A4CE-8C77213BD5FA}.Release|Any CPU.Build.0 = Release|Any CPU
		{0112DBBA-3B7A-021E-8DC5-6291626A2B63}.Debug|Any CPU.ActiveCfg = Debug|Any CPU
		{0112DBBA-3B7A-021E-8DC5-6291626A2B63}.Debug|Any CPU.Build.0 = Debug|Any CPU
		{0112DBBA-3B7A-021E-8DC5-6291626A2B63}.Release|Any CPU.ActiveCfg = Release|Any CPU
		{0112DBBA-3B7A-021E-8DC5-6291626A2B63}.Release|Any CPU.Build.0 = Release|Any CPU
		{CAD511AB-6A84-D9C1-1526-A8B7D1F4F0D0}.Debug|Any CPU.ActiveCfg = Debug|Any CPU
		{CAD511AB-6A84-D9C1-1526-A8B7D1F4F0D0}.Debug|Any CPU.Build.0 = Debug|Any CPU
		{CAD511AB-6A84-D9C1-1526-A8B7D1F4F0D0}.Release|Any CPU.ActiveCfg = Release|Any CPU
		{CAD511AB-6A84-D9C1-1526-A8B7D1F4F0D0}.Release|Any CPU.Build.0 = Release|Any CPU
		{818E7197-3B16-96EE-A964-0DEB3BBC7893}.Debug|Any CPU.ActiveCfg = Debug|Any CPU
		{818E7197-3B16-96EE-A964-0DEB3BBC7893}.Debug|Any CPU.Build.0 = Debug|Any CPU
		{818E7197-3B16-96EE-A964-0DEB3BBC7893}.Release|Any CPU.ActiveCfg = Release|Any CPU
		{818E7197-3B16-96EE-A964-0DEB3BBC7893}.Release|Any CPU.Build.0 = Release|Any CPU
		{8BD184D4-5EBC-E452-0718-8099C3088D1A}.Debug|Any CPU.ActiveCfg = Debug|Any CPU
		{8BD184D4-5EBC-E452-0718-8099C3088D1A}.Debug|Any CPU.Build.0 = Debug|Any CPU
		{8BD184D4-5EBC-E452-0718-8099C3088D1A}.Release|Any CPU.ActiveCfg = Release|Any CPU
		{8BD184D4-5EBC-E452-0718-8099C3088D1A}.Release|Any CPU.Build.0 = Release|Any CPU
	EndGlobalSection
	GlobalSection(SolutionProperties) = preSolution
		HideSolutionNode = FALSE
	EndGlobalSection
	GlobalSection(NestedProjects) = preSolution
		{40EE0938-F52D-8934-C82A-22EC1C2343DF} = {4F52FD11-658E-A102-6CD3-7D7C16FFA15B}
		{1F46CE97-BEFF-A793-F16F-421B2F9F96F0} = {5854FF58-B8C5-05C6-5BF2-ACE42193F22B}
		{7E3F398A-9B33-06EC-E509-10879EEABCEE} = {1F46CE97-BEFF-A793-F16F-421B2F9F96F0}
		{A9AAE480-8609-EBB1-1490-FA8DFA9B3D31} = {1F46CE97-BEFF-A793-F16F-421B2F9F96F0}
		{405D20A6-322F-4D07-B760-2AFC28DFFB2F} = {1F46CE97-BEFF-A793-F16F-421B2F9F96F0}
		{AD21DB67-3688-5038-AB6F-77EF46E369AA} = {1F46CE97-BEFF-A793-F16F-421B2F9F96F0}
		{0487E2FC-0025-F5D4-B330-CF0DE0180D39} = {5854FF58-B8C5-05C6-5BF2-ACE42193F22B}
		{8ADD17CD-F7B2-611E-A4CE-8C77213BD5FA} = {0487E2FC-0025-F5D4-B330-CF0DE0180D39}
		{618A605C-E4B0-EB87-C048-A859321F9CDB} = {5854FF58-B8C5-05C6-5BF2-ACE42193F22B}
		{0112DBBA-3B7A-021E-8DC5-6291626A2B63} = {618A605C-E4B0-EB87-C048-A859321F9CDB}
		{458B38D1-2885-86EE-3A33-467AEFDA9587} = {5854FF58-B8C5-05C6-5BF2-ACE42193F22B}
		{CAD511AB-6A84-D9C1-1526-A8B7D1F4F0D0} = {458B38D1-2885-86EE-3A33-467AEFDA9587}
		{55C4F4F0-7589-B7BF-3BC9-ED0A2D342FD7} = {5854FF58-B8C5-05C6-5BF2-ACE42193F22B}
		{818E7197-3B16-96EE-A964-0DEB3BBC7893} = {55C4F4F0-7589-B7BF-3BC9-ED0A2D342FD7}
		{9C86F12D-2898-98B5-DDC7-5B59BA5A9827} = {5854FF58-B8C5-05C6-5BF2-ACE42193F22B}
		{8BD184D4-5EBC-E452-0718-8099C3088D1A} = {9C86F12D-2898-98B5-DDC7-5B59BA5A9827}
	EndGlobalSection
	GlobalSection(ExtensibilityGlobals) = postSolution
		SolutionGuid = {40032CAC-37B6-4A49-B614-99CC70A65277}
	EndGlobalSection
EndGlobal
